
Microsoft Visual Studio Solution File, Format Version 12.00
# Visual Studio Version 17
VisualStudioVersion = 17.4.33205.214
MinimumVisualStudioVersion = 10.0.40219.1
Project("{FAE04EC0-301F-11D3-BF4B-00C04F79EFBC}") = "While-DoWhile", "While-DoWhile\While-DoWhile.csproj", "{6B10C94E-30ED-4823-8437-FABCD24B5595}"
EndProject
Global
	GlobalSection(SolutionConfigurationPlatforms) = preSolution
		Debug|Any CPU = Debug|Any CPU
		Release|Any CPU = Release|Any CPU
	EndGlobalSection
	GlobalSection(ProjectConfigurationPlatforms) = postSolution
		{6B10C94E-30ED-4823-8437-FABCD24B5595}.Debug|Any CPU.ActiveCfg = Debug|Any CPU
		{6B10C94E-30ED-4823-8437-FABCD24B5595}.Debug|Any CPU.Build.0 = Debug|Any CPU
		{6B10C94E-30ED-4823-8437-FABCD24B5595}.Release|Any CPU.ActiveCfg = Release|Any CPU
		{6B10C94E-30ED-4823-8437-FABCD24B5595}.Release|Any CPU.Build.0 = Release|Any CPU
	EndGlobalSection
	GlobalSection(SolutionProperties) = preSolution
		HideSolutionNode = FALSE
	EndGlobalSection
	GlobalSection(ExtensibilityGlobals) = postSolution
		SolutionGuid = {CBE60C2C-9DAA-4D48-BCFE-FDF13B1EC49E}
	EndGlobalSection
EndGlobal
